
Microsoft Visual Studio Solution File, Format Version 12.00
# Visual Studio Version 17
VisualStudioVersion = 17.14.36310.24
MinimumVisualStudioVersion = 10.0.40219.1
Project("{FAE04EC0-301F-11D3-BF4B-00C04F79EFBC}") = "MarkdownNotesManager.App", "MarkdownNotesManager\MarkdownNotesManager.App.csproj", "{2B646C05-4748-4766-9132-A4BFEFD60C03}"
EndProject
Project("{FAE04EC0-301F-11D3-BF4B-00C04F79EFBC}") = "MarkdownNotesManager.Core", "MarkdownNotesManager.Core\MarkdownNotesManager.Core.csproj", "{C8FC47BA-260D-4426-825C-BE163A8733EC}"
EndProject
Project("{FAE04EC0-301F-11D3-BF4B-00C04F79EFBC}") = "MarkdownNotesManager.Infrastructure", "MarkdownNotesManager.Infrastructure\MarkdownNotesManager.Infrastructure.csproj", "{D2E2F00E-7C5E-42A3-8861-AD15FC166873}"
EndProject
Project("{FAE04EC0-301F-11D3-BF4B-00C04F79EFBC}") = "MarkdownNotesManager.Tests", "MarkdownNotesManager.Tests\MarkdownNotesManager.Tests.csproj", "{AD0BB986-CD22-49DF-94AE-3A6E581F3F1F}"
EndProject
Global
	GlobalSection(SolutionConfigurationPlatforms) = preSolution
		Debug|Any CPU = Debug|Any CPU
		Release|Any CPU = Release|Any CPU
	EndGlobalSection
	GlobalSection(ProjectConfigurationPlatforms) = postSolution
		{2B646C05-4748-4766-9132-A4BFEFD60C03}.Debug|Any CPU.ActiveCfg = Debug|Any CPU
		{2B646C05-4748-4766-9132-A4BFEFD60C03}.Debug|Any CPU.Build.0 = Debug|Any CPU
		{2B646C05-4748-4766-9132-A4BFEFD60C03}.Release|Any CPU.ActiveCfg = Release|Any CPU
		{2B646C05-4748-4766-9132-A4BFEFD60C03}.Release|Any CPU.Build.0 = Release|Any CPU
		{C8FC47BA-260D-4426-825C-BE163A8733EC}.Debug|Any CPU.ActiveCfg = Debug|Any CPU
		{C8FC47BA-260D-4426-825C-BE163A8733EC}.Debug|Any CPU.Build.0 = Debug|Any CPU
		{C8FC47BA-260D-4426-825C-BE163A8733EC}.Release|Any CPU.ActiveCfg = Release|Any CPU
		{C8FC47BA-260D-4426-825C-BE163A8733EC}.Release|Any CPU.Build.0 = Release|Any CPU
		{D2E2F00E-7C5E-42A3-8861-AD15FC166873}.Debug|Any CPU.ActiveCfg = Debug|Any CPU
		{D2E2F00E-7C5E-42A3-8861-AD15FC166873}.Debug|Any CPU.Build.0 = Debug|Any CPU
		{D2E2F00E-7C5E-42A3-8861-AD15FC166873}.Release|Any CPU.ActiveCfg = Release|Any CPU
		{D2E2F00E-7C5E-42A3-8861-AD15FC166873}.Release|Any CPU.Build.0 = Release|Any CPU
		{AD0BB986-CD22-49DF-94AE-3A6E581F3F1F}.Debug|Any CPU.ActiveCfg = Debug|Any CPU
		{AD0BB986-CD22-49DF-94AE-3A6E581F3F1F}.Debug|Any CPU.Build.0 = Debug|Any CPU
		{AD0BB986-CD22-49DF-94AE-3A6E581F3F1F}.Release|Any CPU.ActiveCfg = Release|Any CPU
		{AD0BB986-CD22-49DF-94AE-3A6E581F3F1F}.Release|Any CPU.Build.0 = Release|Any CPU
	EndGlobalSection
	GlobalSection(SolutionProperties) = preSolution
		HideSolutionNode = FALSE
	EndGlobalSection
	GlobalSection(ExtensibilityGlobals) = postSolution
		SolutionGuid = {7B383275-C5FA-4BB1-8085-12E9ED53EDBE}
	EndGlobalSection
EndGlobal
